
Microsoft Visual Studio Solution File, Format Version 12.00
Project("{FAE04EC0-301F-11D3-BF4B-00C04F79EFBC}") = "i4", "i4\i4.csproj", "{C49E9249-1984-46F0-B36A-3749916D75CE}"
EndProject
Global
	GlobalSection(SolutionConfigurationPlatforms) = preSolution
		Debug|Any CPU = Debug|Any CPU
		Release|Any CPU = Release|Any CPU
	EndGlobalSection
	GlobalSection(ProjectConfigurationPlatforms) = postSolution
		{C49E9249-1984-46F0-B36A-3749916D75CE}.Debug|Any CPU.ActiveCfg = Debug|Any CPU
		{C49E9249-1984-46F0-B36A-3749916D75CE}.Debug|Any CPU.Build.0 = Debug|Any CPU
		{C49E9249-1984-46F0-B36A-3749916D75CE}.Release|Any CPU.ActiveCfg = Release|Any CPU
		{C49E9249-1984-46F0-B36A-3749916D75CE}.Release|Any CPU.Build.0 = Release|Any CPU
	EndGlobalSection
EndGlobal
